// !$*UTF8*$!
{
	archiveVersion = 1;
	classes = {
	};
	objectVersion = 56;
	objects = {

/* Begin PBXBuildFile section */
		F60174A1297DA09E000C967D /* HuffPostAlertsViewApp.swift in Sources */ = {isa = PBXBuildFile; fileRef = F60174A0297DA09E000C967D /* HuffPostAlertsViewApp.swift */; };
		F60174A3297DA09E000C967D /* ContentView.swift in Sources */ = {isa = PBXBuildFile; fileRef = F60174A2297DA09E000C967D /* ContentView.swift */; };
		F60174A5297DA0A1000C967D /* Assets.xcassets in Resources */ = {isa = PBXBuildFile; fileRef = F60174A4297DA0A1000C967D /* Assets.xcassets */; };
		F60174A8297DA0A1000C967D /* Preview Assets.xcassets in Resources */ = {isa = PBXBuildFile; fileRef = F60174A7297DA0A1000C967D /* Preview Assets.xcassets */; };
		F60174B3297DD3AE000C967D /* AlertData.swift in Sources */ = {isa = PBXBuildFile; fileRef = F60174B2297DD3AE000C967D /* AlertData.swift */; };
		F60174B5297DD3CE000C967D /* NewsAlert.swift in Sources */ = {isa = PBXBuildFile; fileRef = F60174B4297DD3CE000C967D /* NewsAlert.swift */; };
		F60174B9297DD943000C967D /* AlertComponent.swift in Sources */ = {isa = PBXBuildFile; fileRef = F60174B8297DD943000C967D /* AlertComponent.swift */; };
		F60174BB297DDDBE000C967D /* SectionComponent.swift in Sources */ = {isa = PBXBuildFile; fileRef = F60174BA297DDDBE000C967D /* SectionComponent.swift */; };
/* End PBXBuildFile section */

/* Begin PBXFileReference section */
		F601749D297DA09E000C967D /* HuffPostAlertsView.app */ = {isa = PBXFileReference; explicitFileType = wrapper.application; includeInIndex = 0; path = HuffPostAlertsView.app; sourceTree = BUILT_PRODUCTS_DIR; };
		F60174A0297DA09E000C967D /* HuffPostAlertsViewApp.swift */ = {isa = PBXFileReference; lastKnownFileType = sourcecode.swift; path = HuffPostAlertsViewApp.swift; sourceTree = "<group>"; };
		F60174A2297DA09E000C967D /* ContentView.swift */ = {isa = PBXFileReference; lastKnownFileType = sourcecode.swift; path = ContentView.swift; sourceTree = "<group>"; };
		F60174A4297DA0A1000C967D /* Assets.xcassets */ = {isa = PBXFileReference; lastKnownFileType = folder.assetcatalog; path = Assets.xcassets; sourceTree = "<group>"; };
		F60174A7297DA0A1000C967D /* Preview Assets.xcassets */ = {isa = PBXFileReference; lastKnownFileType = folder.assetcatalog; path = "Preview Assets.xcassets"; sourceTree = "<group>"; };
		F60174B2297DD3AE000C967D /* AlertData.swift */ = {isa = PBXFileReference; lastKnownFileType = sourcecode.swift; path = AlertData.swift; sourceTree = "<group>"; };
		F60174B4297DD3CE000C967D /* NewsAlert.swift */ = {isa = PBXFileReference; lastKnownFileType = sourcecode.swift; path = NewsAlert.swift; sourceTree = "<group>"; };
		F60174B8297DD943000C967D /* AlertComponent.swift */ = {isa = PBXFileReference; lastKnownFileType = sourcecode.swift; path = AlertComponent.swift; sourceTree = "<group>"; };
		F60174BA297DDDBE000C967D /* SectionComponent.swift */ = {isa = PBXFileReference; lastKnownFileType = sourcecode.swift; path = SectionComponent.swift; sourceTree = "<group>"; };
/* End PBXFileReference section */

/* Begin PBXFrameworksBuildPhase section */
		F601749A297DA09E000C967D /* Frameworks */ = {
			isa = PBXFrameworksBuildPhase;
			buildActionMask = 2147483647;
			files = (
			);
			runOnlyForDeploymentPostprocessing = 0;
		};
/* End PBXFrameworksBuildPhase section */

/* Begin PBXGroup section */
		F6017494297DA09E000C967D = {
			isa = PBXGroup;
			children = (
				F601749F297DA09E000C967D /* HuffPostAlertsView */,
				F601749E297DA09E000C967D /* Products */,
			);
			sourceTree = "<group>";
		};
		F601749E297DA09E000C967D /* Products */ = {
			isa = PBXGroup;
			children = (
				F601749D297DA09E000C967D /* HuffPostAlertsView.app */,
			);
			name = Products;
			sourceTree = "<group>";
		};
		F601749F297DA09E000C967D /* HuffPostAlertsView */ = {
			isa = PBXGroup;
			children = (
				F60174A0297DA09E000C967D /* HuffPostAlertsViewApp.swift */,
				F60174AF297DD38B000C967D /* Data */,
				F60174AE297DD380000C967D /* Model */,
				F60174B6297DD8E3000C967D /* View */,
				F60174B7297DD8F0000C967D /* Components */,
				F60174A4297DA0A1000C967D /* Assets.xcassets */,
				F60174A6297DA0A1000C967D /* Preview Content */,
			);
			path = HuffPostAlertsView;
			sourceTree = "<group>";
		};
		F60174A6297DA0A1000C967D /* Preview Content */ = {
			isa = PBXGroup;
			children = (
				F60174A7297DA0A1000C967D /* Preview Assets.xcassets */,
			);
			path = "Preview Content";
			sourceTree = "<group>";
		};
		F60174AE297DD380000C967D /* Model */ = {
			isa = PBXGroup;
			children = (
				F60174B4297DD3CE000C967D /* NewsAlert.swift */,
			);
			path = Model;
			sourceTree = "<group>";
		};
		F60174AF297DD38B000C967D /* Data */ = {
			isa = PBXGroup;
			children = (
				F60174B2297DD3AE000C967D /* AlertData.swift */,
			);
			path = Data;
			sourceTree = "<group>";
		};
		F60174B6297DD8E3000C967D /* View */ = {
			isa = PBXGroup;
			children = (
				F60174A2297DA09E000C967D /* ContentView.swift */,
			);
			path = View;
			sourceTree = "<group>";
		};
		F60174B7297DD8F0000C967D /* Components */ = {
			isa = PBXGroup;
			children = (
				F60174B8297DD943000C967D /* AlertComponent.swift */,
				F60174BA297DDDBE000C967D /* SectionComponent.swift */,
			);
			path = Components;
			sourceTree = "<group>";
		};
/* End PBXGroup section */

/* Begin PBXNativeTarget section */
		F601749C297DA09E000C967D /* HuffPostAlertsView */ = {
			isa = PBXNativeTarget;
			buildConfigurationList = F60174AB297DA0A1000C967D /* Build configuration list for PBXNativeTarget "HuffPostAlertsView" */;
			buildPhases = (
				F6017499297DA09E000C967D /* Sources */,
				F601749A297DA09E000C967D /* Frameworks */,
				F601749B297DA09E000C967D /* Resources */,
			);
			buildRules = (
			);
			dependencies = (
			);
			name = HuffPostAlertsView;
			productName = HuffPostAlertsView;
			productReference = F601749D297DA09E000C967D /* HuffPostAlertsView.app */;
			productType = "com.apple.product-type.application";
		};
/* End PBXNativeTarget section */

/* Begin PBXProject section */
		F6017495297DA09E000C967D /* Project object */ = {
			isa = PBXProject;
			attributes = {
				BuildIndependentTargetsInParallel = 1;
				LastSwiftUpdateCheck = 1400;
				LastUpgradeCheck = 1400;
				TargetAttributes = {
					F601749C297DA09E000C967D = {
						CreatedOnToolsVersion = 14.0.1;
					};
				};
			};
			buildConfigurationList = F6017498297DA09E000C967D /* Build configuration list for PBXProject "HuffPostAlertsView" */;
			compatibilityVersion = "Xcode 14.0";
			developmentRegion = en;
			hasScannedForEncodings = 0;
			knownRegions = (
				en,
				Base,
			);
			mainGroup = F6017494297DA09E000C967D;
			productRefGroup = F601749E297DA09E000C967D /* Products */;
			projectDirPath = "";
			projectRoot = "";
			targets = (
				F601749C297DA09E000C967D /* HuffPostAlertsView */,
			);
		};
/* End PBXProject section */

/* Begin PBXResourcesBuildPhase section */
		F601749B297DA09E000C967D /* Resources */ = {
			isa = PBXResourcesBuildPhase;
			buildActionMask = 2147483647;
			files = (
				F60174A8297DA0A1000C967D /* Preview Assets.xcassets in Resources */,
				F60174A5297DA0A1000C967D /* Assets.xcassets in Resources */,
			);
			runOnlyForDeploymentPostprocessing = 0;
		};
/* End PBXResourcesBuildPhase section */

/* Begin PBXSourcesBuildPhase section */
		F6017499297DA09E000C967D /* Sources */ = {
			isa = PBXSourcesBuildPhase;
			buildActionMask = 2147483647;
			files = (
				F60174B9297DD943000C967D /* AlertComponent.swift in Sources */,
				F60174BB297DDDBE000C967D /* SectionComponent.swift in Sources */,
				F60174A3297DA09E000C967D /* ContentView.swift in Sources */,
				F60174B3297DD3AE000C967D /* AlertData.swift in Sources */,
				F60174A1297DA09E000C967D /* HuffPostAlertsViewApp.swift in Sources */,
				F60174B5297DD3CE000C967D /* NewsAlert.swift in Sources */,
			);
			runOnlyForDeploymentPostprocessing = 0;
		};
/* End PBXSourcesBuildPhase section */

/* Begin XCBuildConfiguration section */
		F60174A9297DA0A1000C967D /* Debug */ = {
			isa = XCBuildConfiguration;
			buildSettings = {
				ALWAYS_SEARCH_USER_PATHS = NO;
				CLANG_ANALYZER_NONNULL = YES;
				CLANG_ANALYZER_NUMBER_OBJECT_CONVERSION = YES_AGGRESSIVE;
				CLANG_CXX_LANGUAGE_STANDARD = "gnu++20";
				CLANG_ENABLE_MODULES = YES;
				CLANG_ENABLE_OBJC_ARC = YES;
				CLANG_ENABLE_OBJC_WEAK = YES;
				CLANG_WARN_BLOCK_CAPTURE_AUTORELEASING = YES;
				CLANG_WARN_BOOL_CONVERSION = YES;
				CLANG_WARN_COMMA = YES;
				CLANG_WARN_CONSTANT_CONVERSION = YES;
				CLANG_WARN_DEPRECATED_OBJC_IMPLEMENTATIONS = YES;
				CLANG_WARN_DIRECT_OBJC_ISA_USAGE = YES_ERROR;
				CLANG_WARN_DOCUMENTATION_COMMENTS = YES;
				CLANG_WARN_EMPTY_BODY = YES;
				CLANG_WARN_ENUM_CONVERSION = YES;
				CLANG_WARN_INFINITE_RECURSION = YES;
				CLANG_WARN_INT_CONVERSION = YES;
				CLANG_WARN_NON_LITERAL_NULL_CONVERSION = YES;
				CLANG_WARN_OBJC_IMPLICIT_RETAIN_SELF = YES;
				CLANG_WARN_OBJC_LITERAL_CONVERSION = YES;
				CLANG_WARN_OBJC_ROOT_CLASS = YES_ERROR;
				CLANG_WARN_QUOTED_INCLUDE_IN_FRAMEWORK_HEADER = YES;
				CLANG_WARN_RANGE_LOOP_ANALYSIS = YES;
				CLANG_WARN_STRICT_PROTOTYPES = YES;
				CLANG_WARN_SUSPICIOUS_MOVE = YES;
				CLANG_WARN_UNGUARDED_AVAILABILITY = YES_AGGRESSIVE;
				CLANG_WARN_UNREACHABLE_CODE = YES;
				CLANG_WARN__DUPLICATE_METHOD_MATCH = YES;
				COPY_PHASE_STRIP = NO;
				DEBUG_INFORMATION_FORMAT = dwarf;
				ENABLE_STRICT_OBJC_MSGSEND = YES;
				ENABLE_TESTABILITY = YES;
				GCC_C_LANGUAGE_STANDARD = gnu11;
				GCC_DYNAMIC_NO_PIC = NO;
				GCC_NO_COMMON_BLOCKS = YES;
				GCC_OPTIMIZATION_LEVEL = 0;
				GCC_PREPROCESSOR_DEFINITIONS = (
					"DEBUG=1",
					"$(inherited)",
				);
				GCC_WARN_64_TO_32_BIT_CONVERSION = YES;
				GCC_WARN_ABOUT_RETURN_TYPE = YES_ERROR;
				GCC_WARN_UNDECLARED_SELECTOR = YES;
				GCC_WARN_UNINITIALIZED_AUTOS = YES_AGGRESSIVE;
				GCC_WARN_UNUSED_FUNCTION = YES;
				GCC_WARN_UNUSED_VARIABLE = YES;
				IPHONEOS_DEPLOYMENT_TARGET = 16.0;
				MTL_ENABLE_DEBUG_INFO = INCLUDE_SOURCE;
				MTL_FAST_MATH = YES;
				ONLY_ACTIVE_ARCH = YES;
				SDKROOT = iphoneos;
				SWIFT_ACTIVE_COMPILATION_CONDITIONS = DEBUG;
				SWIFT_OPTIMIZATION_LEVEL = "-Onone";
			};
			name = Debug;
		};
		F60174AA297DA0A1000C967D /* Release */ = {
			isa = XCBuildConfiguration;
			buildSettings = {
				ALWAYS_SEARCH_USER_PATHS = NO;
				CLANG_ANALYZER_NONNULL = YES;
				CLANG_ANALYZER_NUMBER_OBJECT_CONVERSION = YES_AGGRESSIVE;
				CLANG_CXX_LANGUAGE_STANDARD = "gnu++20";
				CLANG_ENABLE_MODULES = YES;
				CLANG_ENABLE_OBJC_ARC = YES;
				CLANG_ENABLE_OBJC_WEAK = YES;
				CLANG_WARN_BLOCK_CAPTURE_AUTORELEASING = YES;
				CLANG_WARN_BOOL_CONVERSION = YES;
				CLANG_WARN_COMMA = YES;
				CLANG_WARN_CONSTANT_CONVERSION = YES;
				CLANG_WARN_DEPRECATED_OBJC_IMPLEMENTATIONS = YES;
				CLANG_WARN_DIRECT_OBJC_ISA_USAGE = YES_ERROR;
				CLANG_WARN_DOCUMENTATION_COMMENTS = YES;
				CLANG_WARN_EMPTY_BODY = YES;
				CLANG_WARN_ENUM_CONVERSION = YES;
				CLANG_WARN_INFINITE_RECURSION = YES;
				CLANG_WARN_INT_CONVERSION = YES;
				CLANG_WARN_NON_LITERAL_NULL_CONVERSION = YES;
				CLANG_WARN_OBJC_IMPLICIT_RETAIN_SELF = YES;
				CLANG_WARN_OBJC_LITERAL_CONVERSION = YES;
				CLANG_WARN_OBJC_ROOT_CLASS = YES_ERROR;
				CLANG_WARN_QUOTED_INCLUDE_IN_FRAMEWORK_HEADER = YES;
				CLANG_WARN_RANGE_LOOP_ANALYSIS = YES;
				CLANG_WARN_STRICT_PROTOTYPES = YES;
				CLANG_WARN_SUSPICIOUS_MOVE = YES;
				CLANG_WARN_UNGUARDED_AVAILABILITY = YES_AGGRESSIVE;
				CLANG_WARN_UNREACHABLE_CODE = YES;
				CLANG_WARN__DUPLICATE_METHOD_MATCH = YES;
				COPY_PHASE_STRIP = NO;
				DEBUG_INFORMATION_FORMAT = "dwarf-with-dsym";
				ENABLE_NS_ASSERTIONS = NO;
				ENABLE_STRICT_OBJC_MSGSEND = YES;
				GCC_C_LANGUAGE_STANDARD = gnu11;
				GCC_NO_COMMON_BLOCKS = YES;
				GCC_WARN_64_TO_32_BIT_CONVERSION = YES;
				GCC_WARN_ABOUT_RETURN_TYPE = YES_ERROR;
				GCC_WARN_UNDECLARED_SELECTOR = YES;
				GCC_WARN_UNINITIALIZED_AUTOS = YES_AGGRESSIVE;
				GCC_WARN_UNUSED_FUNCTION = YES;
				GCC_WARN_UNUSED_VARIABLE = YES;
				IPHONEOS_DEPLOYMENT_TARGET = 16.0;
				MTL_ENABLE_DEBUG_INFO = NO;
				MTL_FAST_MATH = YES;
				SDKROOT = iphoneos;
				SWIFT_COMPILATION_MODE = wholemodule;
				SWIFT_OPTIMIZATION_LEVEL = "-O";
				VALIDATE_PRODUCT = YES;
			};
			name = Release;
		};
		F60174AC297DA0A1000C967D /* Debug */ = {
			isa = XCBuildConfiguration;
			buildSettings = {
				ASSETCATALOG_COMPILER_APPICON_NAME = AppIcon;
				ASSETCATALOG_COMPILER_GLOBAL_ACCENT_COLOR_NAME = AccentColor;
				CODE_SIGN_STYLE = Automatic;
				CURRENT_PROJECT_VERSION = 1;
				DEVELOPMENT_ASSET_PATHS = "\"HuffPostAlertsView/Preview Content\"";
				DEVELOPMENT_TEAM = YKD89M9QN9;
				ENABLE_PREVIEWS = YES;
				GENERATE_INFOPLIST_FILE = YES;
				INFOPLIST_KEY_UIApplicationSceneManifest_Generation = YES;
				INFOPLIST_KEY_UIApplicationSupportsIndirectInputEvents = YES;
				INFOPLIST_KEY_UILaunchScreen_Generation = YES;
				INFOPLIST_KEY_UISupportedInterfaceOrientations_iPad = "UIInterfaceOrientationPortrait UIInterfaceOrientationPortraitUpsideDown UIInterfaceOrientationLandscapeLeft UIInterfaceOrientationLandscapeRight";
				INFOPLIST_KEY_UISupportedInterfaceOrientations_iPhone = "UIInterfaceOrientationPortrait UIInterfaceOrientationLandscapeLeft UIInterfaceOrientationLandscapeRight";
				LD_RUNPATH_SEARCH_PATHS = (
					"$(inherited)",
					"@executable_path/Frameworks",
				);
				MARKETING_VERSION = 1.0;
				PRODUCT_BUNDLE_IDENTIFIER = BroadwaterDevs.HuffPostAlertsView;
				PRODUCT_NAME = "$(TARGET_NAME)";
				SWIFT_EMIT_LOC_STRINGS = YES;
				SWIFT_VERSION = 5.0;
				TARGETED_DEVICE_FAMILY = "1,2";
			};
			name = Debug;
		};
		F60174AD297DA0A1000C967D /* Release */ = {
			isa = XCBuildConfiguration;
			buildSettings = {
				ASSETCATALOG_COMPILER_APPICON_NAME = AppIcon;
				ASSETCATALOG_COMPILER_GLOBAL_ACCENT_COLOR_NAME = AccentColor;
				CODE_SIGN_STYLE = Automatic;
				CURRENT_PROJECT_VERSION = 1;
				DEVELOPMENT_ASSET_PATHS = "\"HuffPostAlertsView/Preview Content\"";
				DEVELOPMENT_TEAM = YKD89M9QN9;
				ENABLE_PREVIEWS = YES;
				GENERATE_INFOPLIST_FILE = YES;
				INFOPLIST_KEY_UIApplicationSceneManifest_Generation = YES;
				INFOPLIST_KEY_UIApplicationSupportsIndirectInputEvents = YES;
				INFOPLIST_KEY_UILaunchScreen_Generation = YES;
				INFOPLIST_KEY_UISupportedInterfaceOrientations_iPad = "UIInterfaceOrientationPortrait UIInterfaceOrientationPortraitUpsideDown UIInterfaceOrientationLandscapeLeft UIInterfaceOrientationLandscapeRight";
				INFOPLIST_KEY_UISupportedInterfaceOrientations_iPhone = "UIInterfaceOrientationPortrait UIInterfaceOrientationLandscapeLeft UIInterfaceOrientationLandscapeRight";
				LD_RUNPATH_SEARCH_PATHS = (
					"$(inherited)",
					"@executable_path/Frameworks",
				);
				MARKETING_VERSION = 1.0;
				PRODUCT_BUNDLE_IDENTIFIER = BroadwaterDevs.HuffPostAlertsView;
				PRODUCT_NAME = "$(TARGET_NAME)";
				SWIFT_EMIT_LOC_STRINGS = YES;
				SWIFT_VERSION = 5.0;
				TARGETED_DEVICE_FAMILY = "1,2";
			};
			name = Release;
		};
/* End XCBuildConfiguration section */

/* Begin XCConfigurationList section */
		F6017498297DA09E000C967D /* Build configuration list for PBXProject "HuffPostAlertsView" */ = {
			isa = XCConfigurationList;
			buildConfigurations = (
				F60174A9297DA0A1000C967D /* Debug */,
				F60174AA297DA0A1000C967D /* Release */,
			);
			defaultConfigurationIsVisible = 0;
			defaultConfigurationName = Release;
		};
		F60174AB297DA0A1000C967D /* Build configuration list for PBXNativeTarget "HuffPostAlertsView" */ = {
			isa = XCConfigurationList;
			buildConfigurations = (
				F60174AC297DA0A1000C967D /* Debug */,
				F60174AD297DA0A1000C967D /* Release */,
			);
			defaultConfigurationIsVisible = 0;
			defaultConfigurationName = Release;
		};
/* End XCConfigurationList section */
	};
	rootObject = F6017495297DA09E000C967D /* Project object */;
}
